// !$*UTF8*$!
{
	archiveVersion = 1;
	classes = {
	};
	objectVersion = 56;
	objects = {

/* Begin PBXBuildFile section */
		F38E08B72B6ED8B800FAAA07 /* AppDelegate.swift in Sources */ = {isa = PBXBuildFile; fileRef = F38E08B62B6ED8B800FAAA07 /* AppDelegate.swift */; };
		F38E08B92B6ED8B800FAAA07 /* SceneDelegate.swift in Sources */ = {isa = PBXBuildFile; fileRef = F38E08B82B6ED8B800FAAA07 /* SceneDelegate.swift */; };
		F38E08BB2B6ED8B800FAAA07 /* ViewController.swift in Sources */ = {isa = PBXBuildFile; fileRef = F38E08BA2B6ED8B800FAAA07 /* ViewController.swift */; };
		F38E08BE2B6ED8B800FAAA07 /* Main.storyboard in Resources */ = {isa = PBXBuildFile; fileRef = F38E08BC2B6ED8B800FAAA07 /* Main.storyboard */; };
		F38E08C02B6ED8B900FAAA07 /* Assets.xcassets in Resources */ = {isa = PBXBuildFile; fileRef = F38E08BF2B6ED8B900FAAA07 /* Assets.xcassets */; };
		F38E08C32B6ED8B900FAAA07 /* LaunchScreen.storyboard in Resources */ = {isa = PBXBuildFile; fileRef = F38E08C12B6ED8B900FAAA07 /* LaunchScreen.storyboard */; };
		F38E08CE2B6ED8B900FAAA07 /* LasVagasDiceeTests.swift in Sources */ = {isa = PBXBuildFile; fileRef = F38E08CD2B6ED8B900FAAA07 /* LasVagasDiceeTests.swift */; };
		F38E08D82B6ED8B900FAAA07 /* LasVagasDiceeUITests.swift in Sources */ = {isa = PBXBuildFile; fileRef = F38E08D72B6ED8B900FAAA07 /* LasVagasDiceeUITests.swift */; };
		F38E08DA2B6ED8B900FAAA07 /* LasVagasDiceeUITestsLaunchTests.swift in Sources */ = {isa = PBXBuildFile; fileRef = F38E08D92B6ED8B900FAAA07 /* LasVagasDiceeUITestsLaunchTests.swift */; };
/* End PBXBuildFile section */

/* Begin PBXContainerItemProxy section */
		F38E08CA2B6ED8B900FAAA07 /* PBXContainerItemProxy */ = {
			isa = PBXContainerItemProxy;
			containerPortal = F38E08AB2B6ED8B800FAAA07 /* Project object */;
			proxyType = 1;
			remoteGlobalIDString = F38E08B22B6ED8B800FAAA07;
			remoteInfo = LasVagasDicee;
		};
		F38E08D42B6ED8B900FAAA07 /* PBXContainerItemProxy */ = {
			isa = PBXContainerItemProxy;
			containerPortal = F38E08AB2B6ED8B800FAAA07 /* Project object */;
			proxyType = 1;
			remoteGlobalIDString = F38E08B22B6ED8B800FAAA07;
			remoteInfo = LasVagasDicee;
		};
/* End PBXContainerItemProxy section */

/* Begin PBXFileReference section */
		F38E08B32B6ED8B800FAAA07 /* LasVagasDicee.app */ = {isa = PBXFileReference; explicitFileType = wrapper.application; includeInIndex = 0; path = LasVagasDicee.app; sourceTree = BUILT_PRODUCTS_DIR; };
		F38E08B62B6ED8B800FAAA07 /* AppDelegate.swift */ = {isa = PBXFileReference; lastKnownFileType = sourcecode.swift; path = AppDelegate.swift; sourceTree = "<group>"; };
		F38E08B82B6ED8B800FAAA07 /* SceneDelegate.swift */ = {isa = PBXFileReference; lastKnownFileType = sourcecode.swift; path = SceneDelegate.swift; sourceTree = "<group>"; };
		F38E08BA2B6ED8B800FAAA07 /* ViewController.swift */ = {isa = PBXFileReference; lastKnownFileType = sourcecode.swift; path = ViewController.swift; sourceTree = "<group>"; };
		F38E08BD2B6ED8B800FAAA07 /* Base */ = {isa = PBXFileReference; lastKnownFileType = file.storyboard; name = Base; path = Base.lproj/Main.storyboard; sourceTree = "<group>"; };
		F38E08BF2B6ED8B900FAAA07 /* Assets.xcassets */ = {isa = PBXFileReference; lastKnownFileType = folder.assetcatalog; path = Assets.xcassets; sourceTree = "<group>"; };
		F38E08C22B6ED8B900FAAA07 /* Base */ = {isa = PBXFileReference; lastKnownFileType = file.storyboard; name = Base; path = Base.lproj/LaunchScreen.storyboard; sourceTree = "<group>"; };
		F38E08C42B6ED8B900FAAA07 /* Info.plist */ = {isa = PBXFileReference; lastKnownFileType = text.plist.xml; path = Info.plist; sourceTree = "<group>"; };
		F38E08C92B6ED8B900FAAA07 /* LasVagasDiceeTests.xctest */ = {isa = PBXFileReference; explicitFileType = wrapper.cfbundle; includeInIndex = 0; path = LasVagasDiceeTests.xctest; sourceTree = BUILT_PRODUCTS_DIR; };
		F38E08CD2B6ED8B900FAAA07 /* LasVagasDiceeTests.swift */ = {isa = PBXFileReference; lastKnownFileType = sourcecode.swift; path = LasVagasDiceeTests.swift; sourceTree = "<group>"; };
		F38E08D32B6ED8B900FAAA07 /* LasVagasDiceeUITests.xctest */ = {isa = PBXFileReference; explicitFileType = wrapper.cfbundle; includeInIndex = 0; path = LasVagasDiceeUITests.xctest; sourceTree = BUILT_PRODUCTS_DIR; };
		F38E08D72B6ED8B900FAAA07 /* LasVagasDiceeUITests.swift */ = {isa = PBXFileReference; lastKnownFileType = sourcecode.swift; path = LasVagasDiceeUITests.swift; sourceTree = "<group>"; };
		F38E08D92B6ED8B900FAAA07 /* LasVagasDiceeUITestsLaunchTests.swift */ = {isa = PBXFileReference; lastKnownFileType = sourcecode.swift; path = LasVagasDiceeUITestsLaunchTests.swift; sourceTree = "<group>"; };
/* End PBXFileReference section */

/* Begin PBXFrameworksBuildPhase section */
		F38E08B02B6ED8B800FAAA07 /* Frameworks */ = {
			isa = PBXFrameworksBuildPhase;
			buildActionMask = 2147483647;
			files = (
			);
			runOnlyForDeploymentPostprocessing = 0;
		};
		F38E08C62B6ED8B900FAAA07 /* Frameworks */ = {
			isa = PBXFrameworksBuildPhase;
			buildActionMask = 2147483647;
			files = (
			);
			runOnlyForDeploymentPostprocessing = 0;
		};
		F38E08D02B6ED8B900FAAA07 /* Frameworks */ = {
			isa = PBXFrameworksBuildPhase;
			buildActionMask = 2147483647;
			files = (
			);
			runOnlyForDeploymentPostprocessing = 0;
		};
/* End PBXFrameworksBuildPhase section */

/* Begin PBXGroup section */
		F38E08AA2B6ED8B800FAAA07 = {
			isa = PBXGroup;
			children = (
				F38E08B52B6ED8B800FAAA07 /* LasVagasDicee */,
				F38E08CC2B6ED8B900FAAA07 /* LasVagasDiceeTests */,
				F38E08D62B6ED8B900FAAA07 /* LasVagasDiceeUITests */,
				F38E08B42B6ED8B800FAAA07 /* Products */,
			);
			sourceTree = "<group>";
		};
		F38E08B42B6ED8B800FAAA07 /* Products */ = {
			isa = PBXGroup;
			children = (
				F38E08B32B6ED8B800FAAA07 /* LasVagasDicee.app */,
				F38E08C92B6ED8B900FAAA07 /* LasVagasDiceeTests.xctest */,
				F38E08D32B6ED8B900FAAA07 /* LasVagasDiceeUITests.xctest */,
			);
			name = Products;
			sourceTree = "<group>";
		};
		F38E08B52B6ED8B800FAAA07 /* LasVagasDicee */ = {
			isa = PBXGroup;
			children = (
				F38E08B62B6ED8B800FAAA07 /* AppDelegate.swift */,
				F38E08B82B6ED8B800FAAA07 /* SceneDelegate.swift */,
				F38E08BA2B6ED8B800FAAA07 /* ViewController.swift */,
				F38E08BC2B6ED8B800FAAA07 /* Main.storyboard */,
				F38E08BF2B6ED8B900FAAA07 /* Assets.xcassets */,
				F38E08C12B6ED8B900FAAA07 /* LaunchScreen.storyboard */,
				F38E08C42B6ED8B900FAAA07 /* Info.plist */,
			);
			path = LasVagasDicee;
			sourceTree = "<group>";
		};
		F38E08CC2B6ED8B900FAAA07 /* LasVagasDiceeTests */ = {
			isa = PBXGroup;
			children = (
				F38E08CD2B6ED8B900FAAA07 /* LasVagasDiceeTests.swift */,
			);
			path = LasVagasDiceeTests;
			sourceTree = "<group>";
		};
		F38E08D62B6ED8B900FAAA07 /* LasVagasDiceeUITests */ = {
			isa = PBXGroup;
			children = (
				F38E08D72B6ED8B900FAAA07 /* LasVagasDiceeUITests.swift */,
				F38E08D92B6ED8B900FAAA07 /* LasVagasDiceeUITestsLaunchTests.swift */,
			);
			path = LasVagasDiceeUITests;
			sourceTree = "<group>";
		};
/* End PBXGroup section */

/* Begin PBXNativeTarget section */
		F38E08B22B6ED8B800FAAA07 /* LasVagasDicee */ = {
			isa = PBXNativeTarget;
			buildConfigurationList = F38E08DD2B6ED8B900FAAA07 /* Build configuration list for PBXNativeTarget "LasVagasDicee" */;
			buildPhases = (
				F38E08AF2B6ED8B800FAAA07 /* Sources */,
				F38E08B02B6ED8B800FAAA07 /* Frameworks */,
				F38E08B12B6ED8B800FAAA07 /* Resources */,
			);
			buildRules = (
			);
			dependencies = (
			);
			name = LasVagasDicee;
			productName = LasVagasDicee;
			productReference = F38E08B32B6ED8B800FAAA07 /* LasVagasDicee.app */;
			productType = "com.apple.product-type.application";
		};
		F38E08C82B6ED8B900FAAA07 /* LasVagasDiceeTests */ = {
			isa = PBXNativeTarget;
			buildConfigurationList = F38E08E02B6ED8B900FAAA07 /* Build configuration list for PBXNativeTarget "LasVagasDiceeTests" */;
			buildPhases = (
				F38E08C52B6ED8B900FAAA07 /* Sources */,
				F38E08C62B6ED8B900FAAA07 /* Frameworks */,
				F38E08C72B6ED8B900FAAA07 /* Resources */,
			);
			buildRules = (
			);
			dependencies = (
				F38E08CB2B6ED8B900FAAA07 /* PBXTargetDependency */,
			);
			name = LasVagasDiceeTests;
			productName = LasVagasDiceeTests;
			productReference = F38E08C92B6ED8B900FAAA07 /* LasVagasDiceeTests.xctest */;
			productType = "com.apple.product-type.bundle.unit-test";
		};
		F38E08D22B6ED8B900FAAA07 /* LasVagasDiceeUITests */ = {
			isa = PBXNativeTarget;
			buildConfigurationList = F38E08E32B6ED8B900FAAA07 /* Build configuration list for PBXNativeTarget "LasVagasDiceeUITests" */;
			buildPhases = (
				F38E08CF2B6ED8B900FAAA07 /* Sources */,
				F38E08D02B6ED8B900FAAA07 /* Frameworks */,
				F38E08D12B6ED8B900FAAA07 /* Resources */,
			);
			buildRules = (
			);
			dependencies = (
				F38E08D52B6ED8B900FAAA07 /* PBXTargetDependency */,
			);
			name = LasVagasDiceeUITests;
			productName = LasVagasDiceeUITests;
			productReference = F38E08D32B6ED8B900FAAA07 /* LasVagasDiceeUITests.xctest */;
			productType = "com.apple.product-type.bundle.ui-testing";
		};
/* End PBXNativeTarget section */

/* Begin PBXProject section */
		F38E08AB2B6ED8B800FAAA07 /* Project object */ = {
			isa = PBXProject;
			attributes = {
				BuildIndependentTargetsInParallel = 1;
				LastSwiftUpdateCheck = 1510;
				LastUpgradeCheck = 1510;
				TargetAttributes = {
					F38E08B22B6ED8B800FAAA07 = {
						CreatedOnToolsVersion = 15.1;
					};
					F38E08C82B6ED8B900FAAA07 = {
						CreatedOnToolsVersion = 15.1;
						TestTargetID = F38E08B22B6ED8B800FAAA07;
					};
					F38E08D22B6ED8B900FAAA07 = {
						CreatedOnToolsVersion = 15.1;
						TestTargetID = F38E08B22B6ED8B800FAAA07;
					};
				};
			};
			buildConfigurationList = F38E08AE2B6ED8B800FAAA07 /* Build configuration list for PBXProject "LasVagasDicee" */;
			compatibilityVersion = "Xcode 14.0";
			developmentRegion = en;
			hasScannedForEncodings = 0;
			knownRegions = (
				en,
				Base,
			);
			mainGroup = F38E08AA2B6ED8B800FAAA07;
			productRefGroup = F38E08B42B6ED8B800FAAA07 /* Products */;
			projectDirPath = "";
			projectRoot = "";
			targets = (
				F38E08B22B6ED8B800FAAA07 /* LasVagasDicee */,
				F38E08C82B6ED8B900FAAA07 /* LasVagasDiceeTests */,
				F38E08D22B6ED8B900FAAA07 /* LasVagasDiceeUITests */,
			);
		};
/* End PBXProject section */

/* Begin PBXResourcesBuildPhase section */
		F38E08B12B6ED8B800FAAA07 /* Resources */ = {
			isa = PBXResourcesBuildPhase;
			buildActionMask = 2147483647;
			files = (
				F38E08C32B6ED8B900FAAA07 /* LaunchScreen.storyboard in Resources */,
				F38E08C02B6ED8B900FAAA07 /* Assets.xcassets in Resources */,
				F38E08BE2B6ED8B800FAAA07 /* Main.storyboard in Resources */,
			);
			runOnlyForDeploymentPostprocessing = 0;
		};
		F38E08C72B6ED8B900FAAA07 /* Resources */ = {
			isa = PBXResourcesBuildPhase;
			buildActionMask = 2147483647;
			files = (
			);
			runOnlyForDeploymentPostprocessing = 0;
		};
		F38E08D12B6ED8B900FAAA07 /* Resources */ = {
			isa = PBXResourcesBuildPhase;
			buildActionMask = 2147483647;
			files = (
			);
			runOnlyForDeploymentPostprocessing = 0;
		};
/* End PBXResourcesBuildPhase section */

/* Begin PBXSourcesBuildPhase section */
		F38E08AF2B6ED8B800FAAA07 /* Sources */ = {
			isa = PBXSourcesBuildPhase;
			buildActionMask = 2147483647;
			files = (
				F38E08BB2B6ED8B800FAAA07 /* ViewController.swift in Sources */,
				F38E08B72B6ED8B800FAAA07 /* AppDelegate.swift in Sources */,
				F38E08B92B6ED8B800FAAA07 /* SceneDelegate.swift in Sources */,
			);
			runOnlyForDeploymentPostprocessing = 0;
		};
		F38E08C52B6ED8B900FAAA07 /* Sources */ = {
			isa = PBXSourcesBuildPhase;
			buildActionMask = 2147483647;
			files = (
				F38E08CE2B6ED8B900FAAA07 /* LasVagasDiceeTests.swift in Sources */,
			);
			runOnlyForDeploymentPostprocessing = 0;
		};
		F38E08CF2B6ED8B900FAAA07 /* Sources */ = {
			isa = PBXSourcesBuildPhase;
			buildActionMask = 2147483647;
			files = (
				F38E08D82B6ED8B900FAAA07 /* LasVagasDiceeUITests.swift in Sources */,
				F38E08DA2B6ED8B900FAAA07 /* LasVagasDiceeUITestsLaunchTests.swift in Sources */,
			);
			runOnlyForDeploymentPostprocessing = 0;
		};
/* End PBXSourcesBuildPhase section */

/* Begin PBXTargetDependency section */
		F38E08CB2B6ED8B900FAAA07 /* PBXTargetDependency */ = {
			isa = PBXTargetDependency;
			target = F38E08B22B6ED8B800FAAA07 /* LasVagasDicee */;
			targetProxy = F38E08CA2B6ED8B900FAAA07 /* PBXContainerItemProxy */;
		};
		F38E08D52B6ED8B900FAAA07 /* PBXTargetDependency */ = {
			isa = PBXTargetDependency;
			target = F38E08B22B6ED8B800FAAA07 /* LasVagasDicee */;
			targetProxy = F38E08D42B6ED8B900FAAA07 /* PBXContainerItemProxy */;
		};
/* End PBXTargetDependency section */

/* Begin PBXVariantGroup section */
		F38E08BC2B6ED8B800FAAA07 /* Main.storyboard */ = {
			isa = PBXVariantGroup;
			children = (
				F38E08BD2B6ED8B800FAAA07 /* Base */,
			);
			name = Main.storyboard;
			sourceTree = "<group>";
		};
		F38E08C12B6ED8B900FAAA07 /* LaunchScreen.storyboard */ = {
			isa = PBXVariantGroup;
			children = (
				F38E08C22B6ED8B900FAAA07 /* Base */,
			);
			name = LaunchScreen.storyboard;
			sourceTree = "<group>";
		};
/* End PBXVariantGroup section */

/* Begin XCBuildConfiguration section */
		F38E08DB2B6ED8B900FAAA07 /* Debug */ = {
			isa = XCBuildConfiguration;
			buildSettings = {
				ALWAYS_SEARCH_USER_PATHS = NO;
				ASSETCATALOG_COMPILER_GENERATE_SWIFT_ASSET_SYMBOL_EXTENSIONS = YES;
				CLANG_ANALYZER_NONNULL = YES;
				CLANG_ANALYZER_NUMBER_OBJECT_CONVERSION = YES_AGGRESSIVE;
				CLANG_CXX_LANGUAGE_STANDARD = "gnu++20";
				CLANG_ENABLE_MODULES = YES;
				CLANG_ENABLE_OBJC_ARC = YES;
				CLANG_ENABLE_OBJC_WEAK = YES;
				CLANG_WARN_BLOCK_CAPTURE_AUTORELEASING = YES;
				CLANG_WARN_BOOL_CONVERSION = YES;
				CLANG_WARN_COMMA = YES;
				CLANG_WARN_CONSTANT_CONVERSION = YES;
				CLANG_WARN_DEPRECATED_OBJC_IMPLEMENTATIONS = YES;
				CLANG_WARN_DIRECT_OBJC_ISA_USAGE = YES_ERROR;
				CLANG_WARN_DOCUMENTATION_COMMENTS = YES;
				CLANG_WARN_EMPTY_BODY = YES;
				CLANG_WARN_ENUM_CONVERSION = YES;
				CLANG_WARN_INFINITE_RECURSION = YES;
				CLANG_WARN_INT_CONVERSION = YES;
				CLANG_WARN_NON_LITERAL_NULL_CONVERSION = YES;
				CLANG_WARN_OBJC_IMPLICIT_RETAIN_SELF = YES;
				CLANG_WARN_OBJC_LITERAL_CONVERSION = YES;
				CLANG_WARN_OBJC_ROOT_CLASS = YES_ERROR;
				CLANG_WARN_QUOTED_INCLUDE_IN_FRAMEWORK_HEADER = YES;
				CLANG_WARN_RANGE_LOOP_ANALYSIS = YES;
				CLANG_WARN_STRICT_PROTOTYPES = YES;
				CLANG_WARN_SUSPICIOUS_MOVE = YES;
				CLANG_WARN_UNGUARDED_AVAILABILITY = YES_AGGRESSIVE;
				CLANG_WARN_UNREACHABLE_CODE = YES;
				CLANG_WARN__DUPLICATE_METHOD_MATCH = YES;
				COPY_PHASE_STRIP = NO;
				DEBUG_INFORMATION_FORMAT = dwarf;
				ENABLE_STRICT_OBJC_MSGSEND = YES;
				ENABLE_TESTABILITY = YES;
				ENABLE_USER_SCRIPT_SANDBOXING = YES;
				GCC_C_LANGUAGE_STANDARD = gnu17;
				GCC_DYNAMIC_NO_PIC = NO;
				GCC_NO_COMMON_BLOCKS = YES;
				GCC_OPTIMIZATION_LEVEL = 0;
				GCC_PREPROCESSOR_DEFINITIONS = (
					"DEBUG=1",
					"$(inherited)",
				);
				GCC_WARN_64_TO_32_BIT_CONVERSION = YES;
				GCC_WARN_ABOUT_RETURN_TYPE = YES_ERROR;
				GCC_WARN_UNDECLARED_SELECTOR = YES;
				GCC_WARN_UNINITIALIZED_AUTOS = YES_AGGRESSIVE;
				GCC_WARN_UNUSED_FUNCTION = YES;
				GCC_WARN_UNUSED_VARIABLE = YES;
				IPHONEOS_DEPLOYMENT_TARGET = 17.2;
				LOCALIZATION_PREFERS_STRING_CATALOGS = YES;
				MTL_ENABLE_DEBUG_INFO = INCLUDE_SOURCE;
				MTL_FAST_MATH = YES;
				ONLY_ACTIVE_ARCH = YES;
				SDKROOT = iphoneos;
				SWIFT_ACTIVE_COMPILATION_CONDITIONS = "DEBUG $(inherited)";
				SWIFT_OPTIMIZATION_LEVEL = "-Onone";
			};
			name = Debug;
		};
		F38E08DC2B6ED8B900FAAA07 /* Release */ = {
			isa = XCBuildConfiguration;
			buildSettings = {
				ALWAYS_SEARCH_USER_PATHS = NO;
				ASSETCATALOG_COMPILER_GENERATE_SWIFT_ASSET_SYMBOL_EXTENSIONS = YES;
				CLANG_ANALYZER_NONNULL = YES;
				CLANG_ANALYZER_NUMBER_OBJECT_CONVERSION = YES_AGGRESSIVE;
				CLANG_CXX_LANGUAGE_STANDARD = "gnu++20";
				CLANG_ENABLE_MODULES = YES;
				CLANG_ENABLE_OBJC_ARC = YES;
				CLANG_ENABLE_OBJC_WEAK = YES;
				CLANG_WARN_BLOCK_CAPTURE_AUTORELEASING = YES;
				CLANG_WARN_BOOL_CONVERSION = YES;
				CLANG_WARN_COMMA = YES;
				CLANG_WARN_CONSTANT_CONVERSION = YES;
				CLANG_WARN_DEPRECATED_OBJC_IMPLEMENTATIONS = YES;
				CLANG_WARN_DIRECT_OBJC_ISA_USAGE = YES_ERROR;
				CLANG_WARN_DOCUMENTATION_COMMENTS = YES;
				CLANG_WARN_EMPTY_BODY = YES;
				CLANG_WARN_ENUM_CONVERSION = YES;
				CLANG_WARN_INFINITE_RECURSION = YES;
				CLANG_WARN_INT_CONVERSION = YES;
				CLANG_WARN_NON_LITERAL_NULL_CONVERSION = YES;
				CLANG_WARN_OBJC_IMPLICIT_RETAIN_SELF = YES;
				CLANG_WARN_OBJC_LITERAL_CONVERSION = YES;
				CLANG_WARN_OBJC_ROOT_CLASS = YES_ERROR;
				CLANG_WARN_QUOTED_INCLUDE_IN_FRAMEWORK_HEADER = YES;
				CLANG_WARN_RANGE_LOOP_ANALYSIS = YES;
				CLANG_WARN_STRICT_PROTOTYPES = YES;
				CLANG_WARN_SUSPICIOUS_MOVE = YES;
				CLANG_WARN_UNGUARDED_AVAILABILITY = YES_AGGRESSIVE;
				CLANG_WARN_UNREACHABLE_CODE = YES;
				CLANG_WARN__DUPLICATE_METHOD_MATCH = YES;
				COPY_PHASE_STRIP = NO;
				DEBUG_INFORMATION_FORMAT = "dwarf-with-dsym";
				ENABLE_NS_ASSERTIONS = NO;
				ENABLE_STRICT_OBJC_MSGSEND = YES;
				ENABLE_USER_SCRIPT_SANDBOXING = YES;
				GCC_C_LANGUAGE_STANDARD = gnu17;
				GCC_NO_COMMON_BLOCKS = YES;
				GCC_WARN_64_TO_32_BIT_CONVERSION = YES;
				GCC_WARN_ABOUT_RETURN_TYPE = YES_ERROR;
				GCC_WARN_UNDECLARED_SELECTOR = YES;
				GCC_WARN_UNINITIALIZED_AUTOS = YES_AGGRESSIVE;
				GCC_WARN_UNUSED_FUNCTION = YES;
				GCC_WARN_UNUSED_VARIABLE = YES;
				IPHONEOS_DEPLOYMENT_TARGET = 17.2;
				LOCALIZATION_PREFERS_STRING_CATALOGS = YES;
				MTL_ENABLE_DEBUG_INFO = NO;
				MTL_FAST_MATH = YES;
				SDKROOT = iphoneos;
				SWIFT_COMPILATION_MODE = wholemodule;
				VALIDATE_PRODUCT = YES;
			};
			name = Release;
		};
		F38E08DE2B6ED8B900FAAA07 /* Debug */ = {
			isa = XCBuildConfiguration;
			buildSettings = {
				ASSETCATALOG_COMPILER_APPICON_NAME = AppIcon;
				ASSETCATALOG_COMPILER_GLOBAL_ACCENT_COLOR_NAME = AccentColor;
				CODE_SIGN_STYLE = Automatic;
				CURRENT_PROJECT_VERSION = 1;
				GENERATE_INFOPLIST_FILE = YES;
				INFOPLIST_FILE = LasVagasDicee/Info.plist;
				INFOPLIST_KEY_UIApplicationSupportsIndirectInputEvents = YES;
				INFOPLIST_KEY_UILaunchStoryboardName = LaunchScreen;
				INFOPLIST_KEY_UIMainStoryboardFile = Main;
				INFOPLIST_KEY_UISupportedInterfaceOrientations_iPad = "UIInterfaceOrientationPortrait UIInterfaceOrientationPortraitUpsideDown UIInterfaceOrientationLandscapeLeft UIInterfaceOrientationLandscapeRight";
				INFOPLIST_KEY_UISupportedInterfaceOrientations_iPhone = "UIInterfaceOrientationPortrait UIInterfaceOrientationLandscapeLeft UIInterfaceOrientationLandscapeRight";
				LD_RUNPATH_SEARCH_PATHS = (
					"$(inherited)",
					"@executable_path/Frameworks",
				);
				MARKETING_VERSION = 1.0;
				PRODUCT_BUNDLE_IDENTIFIER = ramo.LasVagasDicee;
				PRODUCT_NAME = "$(TARGET_NAME)";
				SWIFT_EMIT_LOC_STRINGS = YES;
				SWIFT_VERSION = 5.0;
				TARGETED_DEVICE_FAMILY = "1,2";
			};
			name = Debug;
		};
		F38E08DF2B6ED8B900FAAA07 /* Release */ = {
			isa = XCBuildConfiguration;
			buildSettings = {
				ASSETCATALOG_COMPILER_APPICON_NAME = AppIcon;
				ASSETCATALOG_COMPILER_GLOBAL_ACCENT_COLOR_NAME = AccentColor;
				CODE_SIGN_STYLE = Automatic;
				CURRENT_PROJECT_VERSION = 1;
				GENERATE_INFOPLIST_FILE = YES;
				INFOPLIST_FILE = LasVagasDicee/Info.plist;
				INFOPLIST_KEY_UIApplicationSupportsIndirectInputEvents = YES;
				INFOPLIST_KEY_UILaunchStoryboardName = LaunchScreen;
				INFOPLIST_KEY_UIMainStoryboardFile = Main;
				INFOPLIST_KEY_UISupportedInterfaceOrientations_iPad = "UIInterfaceOrientationPortrait UIInterfaceOrientationPortraitUpsideDown UIInterfaceOrientationLandscapeLeft UIInterfaceOrientationLandscapeRight";
				INFOPLIST_KEY_UISupportedInterfaceOrientations_iPhone = "UIInterfaceOrientationPortrait UIInterfaceOrientationLandscapeLeft UIInterfaceOrientationLandscapeRight";
				LD_RUNPATH_SEARCH_PATHS = (
					"$(inherited)",
					"@executable_path/Frameworks",
				);
				MARKETING_VERSION = 1.0;
				PRODUCT_BUNDLE_IDENTIFIER = ramo.LasVagasDicee;
				PRODUCT_NAME = "$(TARGET_NAME)";
				SWIFT_EMIT_LOC_STRINGS = YES;
				SWIFT_VERSION = 5.0;
				TARGETED_DEVICE_FAMILY = "1,2";
			};
			name = Release;
		};
		F38E08E12B6ED8B900FAAA07 /* Debug */ = {
			isa = XCBuildConfiguration;
			buildSettings = {
				ALWAYS_EMBED_SWIFT_STANDARD_LIBRARIES = YES;
				BUNDLE_LOADER = "$(TEST_HOST)";
				CODE_SIGN_STYLE = Automatic;
				CURRENT_PROJECT_VERSION = 1;
				GENERATE_INFOPLIST_FILE = YES;
				IPHONEOS_DEPLOYMENT_TARGET = 17.2;
				MARKETING_VERSION = 1.0;
				PRODUCT_BUNDLE_IDENTIFIER = ramo.LasVagasDiceeTests;
				PRODUCT_NAME = "$(TARGET_NAME)";
				SWIFT_EMIT_LOC_STRINGS = NO;
				SWIFT_VERSION = 5.0;
				TARGETED_DEVICE_FAMILY = "1,2";
				TEST_HOST = "$(BUILT_PRODUCTS_DIR)/LasVagasDicee.app/$(BUNDLE_EXECUTABLE_FOLDER_PATH)/LasVagasDicee";
			};
			name = Debug;
		};
		F38E08E22B6ED8B900FAAA07 /* Release */ = {
			isa = XCBuildConfiguration;
			buildSettings = {
				ALWAYS_EMBED_SWIFT_STANDARD_LIBRARIES = YES;
				BUNDLE_LOADER = "$(TEST_HOST)";
				CODE_SIGN_STYLE = Automatic;
				CURRENT_PROJECT_VERSION = 1;
				GENERATE_INFOPLIST_FILE = YES;
				IPHONEOS_DEPLOYMENT_TARGET = 17.2;
				MARKETING_VERSION = 1.0;
				PRODUCT_BUNDLE_IDENTIFIER = ramo.LasVagasDiceeTests;
				PRODUCT_NAME = "$(TARGET_NAME)";
				SWIFT_EMIT_LOC_STRINGS = NO;
				SWIFT_VERSION = 5.0;
				TARGETED_DEVICE_FAMILY = "1,2";
				TEST_HOST = "$(BUILT_PRODUCTS_DIR)/LasVagasDicee.app/$(BUNDLE_EXECUTABLE_FOLDER_PATH)/LasVagasDicee";
			};
			name = Release;
		};
		F38E08E42B6ED8B900FAAA07 /* Debug */ = {
			isa = XCBuildConfiguration;
			buildSettings = {
				ALWAYS_EMBED_SWIFT_STANDARD_LIBRARIES = YES;
				CODE_SIGN_STYLE = Automatic;
				CURRENT_PROJECT_VERSION = 1;
				GENERATE_INFOPLIST_FILE = YES;
				MARKETING_VERSION = 1.0;
				PRODUCT_BUNDLE_IDENTIFIER = ramo.LasVagasDiceeUITests;
				PRODUCT_NAME = "$(TARGET_NAME)";
				SWIFT_EMIT_LOC_STRINGS = NO;
				SWIFT_VERSION = 5.0;
				TARGETED_DEVICE_FAMILY = "1,2";
				TEST_TARGET_NAME = LasVagasDicee;
			};
			name = Debug;
		};
		F38E08E52B6ED8B900FAAA07 /* Release */ = {
			isa = XCBuildConfiguration;
			buildSettings = {
				ALWAYS_EMBED_SWIFT_STANDARD_LIBRARIES = YES;
				CODE_SIGN_STYLE = Automatic;
				CURRENT_PROJECT_VERSION = 1;
				GENERATE_INFOPLIST_FILE = YES;
				MARKETING_VERSION = 1.0;
				PRODUCT_BUNDLE_IDENTIFIER = ramo.LasVagasDiceeUITests;
				PRODUCT_NAME = "$(TARGET_NAME)";
				SWIFT_EMIT_LOC_STRINGS = NO;
				SWIFT_VERSION = 5.0;
				TARGETED_DEVICE_FAMILY = "1,2";
				TEST_TARGET_NAME = LasVagasDicee;
			};
			name = Release;
		};
/* End XCBuildConfiguration section */

/* Begin XCConfigurationList section */
		F38E08AE2B6ED8B800FAAA07 /* Build configuration list for PBXProject "LasVagasDicee" */ = {
			isa = XCConfigurationList;
			buildConfigurations = (
				F38E08DB2B6ED8B900FAAA07 /* Debug */,
				F38E08DC2B6ED8B900FAAA07 /* Release */,
			);
			defaultConfigurationIsVisible = 0;
			defaultConfigurationName = Release;
		};
		F38E08DD2B6ED8B900FAAA07 /* Build configuration list for PBXNativeTarget "LasVagasDicee" */ = {
			isa = XCConfigurationList;
			buildConfigurations = (
				F38E08DE2B6ED8B900FAAA07 /* Debug */,
				F38E08DF2B6ED8B900FAAA07 /* Release */,
			);
			defaultConfigurationIsVisible = 0;
			defaultConfigurationName = Release;
		};
		F38E08E02B6ED8B900FAAA07 /* Build configuration list for PBXNativeTarget "LasVagasDiceeTests" */ = {
			isa = XCConfigurationList;
			buildConfigurations = (
				F38E08E12B6ED8B900FAAA07 /* Debug */,
				F38E08E22B6ED8B900FAAA07 /* Release */,
			);
			defaultConfigurationIsVisible = 0;
			defaultConfigurationName = Release;
		};
		F38E08E32B6ED8B900FAAA07 /* Build configuration list for PBXNativeTarget "LasVagasDiceeUITests" */ = {
			isa = XCConfigurationList;
			buildConfigurations = (
				F38E08E42B6ED8B900FAAA07 /* Debug */,
				F38E08E52B6ED8B900FAAA07 /* Release */,
			);
			defaultConfigurationIsVisible = 0;
			defaultConfigurationName = Release;
		};
/* End XCConfigurationList section */
	};
	rootObject = F38E08AB2B6ED8B800FAAA07 /* Project object */;
}
